
Microsoft Visual Studio Solution File, Format Version 12.00
# Visual Studio Version 16
VisualStudioVersion = 16.0.29920.165
MinimumVisualStudioVersion = 10.0.40219.1
Project("{FAE04EC0-301F-11D3-BF4B-00C04F79EFBC}") = "docker-app", "docker-app\docker-app.csproj", "{ADF889A7-545C-4D18-8EF5-04F02E0DDAEC}"
EndProject
Global
	GlobalSection(SolutionConfigurationPlatforms) = preSolution
		Debug|Any CPU = Debug|Any CPU
		Release|Any CPU = Release|Any CPU
	EndGlobalSection
	GlobalSection(ProjectConfigurationPlatforms) = postSolution
		{ADF889A7-545C-4D18-8EF5-04F02E0DDAEC}.Debug|Any CPU.ActiveCfg = Debug|Any CPU
		{ADF889A7-545C-4D18-8EF5-04F02E0DDAEC}.Debug|Any CPU.Build.0 = Debug|Any CPU
		{ADF889A7-545C-4D18-8EF5-04F02E0DDAEC}.Release|Any CPU.ActiveCfg = Release|Any CPU
		{ADF889A7-545C-4D18-8EF5-04F02E0DDAEC}.Release|Any CPU.Build.0 = Release|Any CPU
	EndGlobalSection
	GlobalSection(SolutionProperties) = preSolution
		HideSolutionNode = FALSE
	EndGlobalSection
	GlobalSection(ExtensibilityGlobals) = postSolution
		SolutionGuid = {8AFC5668-9588-49E0-B702-1517B864EED3}
	EndGlobalSection
EndGlobal
